
Microsoft Visual Studio Solution File, Format Version 12.00
# Visual Studio Version 17
VisualStudioVersion = 17.5.33414.496
MinimumVisualStudioVersion = 10.0.40219.1
Project("{FAE04EC0-301F-11D3-BF4B-00C04F79EFBC}") = "BromoAirLines", "BromoAirLines\BromoAirLines.csproj", "{FD1924AE-B5C3-4340-8CBF-D384376FBC76}"
EndProject
Global
	GlobalSection(SolutionConfigurationPlatforms) = preSolution
		Debug|Any CPU = Debug|Any CPU
		Release|Any CPU = Release|Any CPU
	EndGlobalSection
	GlobalSection(ProjectConfigurationPlatforms) = postSolution
		{FD1924AE-B5C3-4340-8CBF-D384376FBC76}.Debug|Any CPU.ActiveCfg = Debug|Any CPU
		{FD1924AE-B5C3-4340-8CBF-D384376FBC76}.Debug|Any CPU.Build.0 = Debug|Any CPU
		{FD1924AE-B5C3-4340-8CBF-D384376FBC76}.Release|Any CPU.ActiveCfg = Release|Any CPU
		{FD1924AE-B5C3-4340-8CBF-D384376FBC76}.Release|Any CPU.Build.0 = Release|Any CPU
	EndGlobalSection
	GlobalSection(SolutionProperties) = preSolution
		HideSolutionNode = FALSE
	EndGlobalSection
	GlobalSection(ExtensibilityGlobals) = postSolution
		SolutionGuid = {165AA8FD-50D2-4C49-BCCB-E597CA5DF5E3}
	EndGlobalSection
EndGlobal
